// !$*UTF8*$!
{
	archiveVersion = 1;
	classes = {
	};
	objectVersion = 50;
	objects = {

/* Begin PBXBuildFile section */
		180CCB4320ED157F0093A35A /* AppDelegate.swift in Sources */ = {isa = PBXBuildFile; fileRef = 180CCB4220ED157F0093A35A /* AppDelegate.swift */; };
		180CCB4520ED157F0093A35A /* ViewController.swift in Sources */ = {isa = PBXBuildFile; fileRef = 180CCB4420ED157F0093A35A /* ViewController.swift */; };
		180CCB4820ED157F0093A35A /* Main.storyboard in Resources */ = {isa = PBXBuildFile; fileRef = 180CCB4620ED157F0093A35A /* Main.storyboard */; };
		180CCB4B20ED157F0093A35A /* NewsFeed.xcdatamodeld in Sources */ = {isa = PBXBuildFile; fileRef = 180CCB4920ED157F0093A35A /* NewsFeed.xcdatamodeld */; };
		180CCB4D20ED15810093A35A /* Assets.xcassets in Resources */ = {isa = PBXBuildFile; fileRef = 180CCB4C20ED15810093A35A /* Assets.xcassets */; };
		180CCB5020ED15810093A35A /* LaunchScreen.storyboard in Resources */ = {isa = PBXBuildFile; fileRef = 180CCB4E20ED15810093A35A /* LaunchScreen.storyboard */; };
		180CCB5B20ED15810093A35A /* NewsFeedTests.swift in Sources */ = {isa = PBXBuildFile; fileRef = 180CCB5A20ED15810093A35A /* NewsFeedTests.swift */; };
		180CCB6620ED15810093A35A /* NewsFeedUITests.swift in Sources */ = {isa = PBXBuildFile; fileRef = 180CCB6520ED15810093A35A /* NewsFeedUITests.swift */; };
		180CCB7B20ED1D6C0093A35A /* NewsFeedSourceVM.swift in Sources */ = {isa = PBXBuildFile; fileRef = 180CCB7A20ED1D6C0093A35A /* NewsFeedSourceVM.swift */; };
		180CCB7F20ED21ED0093A35A /* Helper.swift in Sources */ = {isa = PBXBuildFile; fileRef = 180CCB7E20ED21ED0093A35A /* Helper.swift */; };
		18BB4E4B20EDA95C002F18E5 /* NewsFeedSourceVC.swift in Sources */ = {isa = PBXBuildFile; fileRef = 18BB4E4A20EDA95C002F18E5 /* NewsFeedSourceVC.swift */; };
		18BB4E4D20EDA996002F18E5 /* NewsFeedSourceCell.swift in Sources */ = {isa = PBXBuildFile; fileRef = 18BB4E4C20EDA996002F18E5 /* NewsFeedSourceCell.swift */; };
		18BB4E4F20EDB2D5002F18E5 /* DrawBadgeView.swift in Sources */ = {isa = PBXBuildFile; fileRef = 18BB4E4E20EDB2D5002F18E5 /* DrawBadgeView.swift */; };
		35E7EE3D20EDE193008D91E0 /* TickView.swift in Sources */ = {isa = PBXBuildFile; fileRef = 35E7EE3C20EDE193008D91E0 /* TickView.swift */; };
/* End PBXBuildFile section */

/* Begin PBXContainerItemProxy section */
		180CCB5720ED15810093A35A /* PBXContainerItemProxy */ = {
			isa = PBXContainerItemProxy;
			containerPortal = 180CCB3720ED157E0093A35A /* Project object */;
			proxyType = 1;
			remoteGlobalIDString = 180CCB3E20ED157E0093A35A;
			remoteInfo = NewsFeed;
		};
		180CCB6220ED15810093A35A /* PBXContainerItemProxy */ = {
			isa = PBXContainerItemProxy;
			containerPortal = 180CCB3720ED157E0093A35A /* Project object */;
			proxyType = 1;
			remoteGlobalIDString = 180CCB3E20ED157E0093A35A;
			remoteInfo = NewsFeed;
		};
/* End PBXContainerItemProxy section */

/* Begin PBXFileReference section */
		180CCB3F20ED157E0093A35A /* NewsFeed.app */ = {isa = PBXFileReference; explicitFileType = wrapper.application; includeInIndex = 0; path = NewsFeed.app; sourceTree = BUILT_PRODUCTS_DIR; };
		180CCB4220ED157F0093A35A /* AppDelegate.swift */ = {isa = PBXFileReference; lastKnownFileType = sourcecode.swift; path = AppDelegate.swift; sourceTree = "<group>"; };
		180CCB4420ED157F0093A35A /* ViewController.swift */ = {isa = PBXFileReference; lastKnownFileType = sourcecode.swift; path = ViewController.swift; sourceTree = "<group>"; };
		180CCB4720ED157F0093A35A /* Base */ = {isa = PBXFileReference; lastKnownFileType = file.storyboard; name = Base; path = Base.lproj/Main.storyboard; sourceTree = "<group>"; };
		180CCB4A20ED157F0093A35A /* NewsFeed.xcdatamodel */ = {isa = PBXFileReference; lastKnownFileType = wrapper.xcdatamodel; path = NewsFeed.xcdatamodel; sourceTree = "<group>"; };
		180CCB4C20ED15810093A35A /* Assets.xcassets */ = {isa = PBXFileReference; lastKnownFileType = folder.assetcatalog; path = Assets.xcassets; sourceTree = "<group>"; };
		180CCB4F20ED15810093A35A /* Base */ = {isa = PBXFileReference; lastKnownFileType = file.storyboard; name = Base; path = Base.lproj/LaunchScreen.storyboard; sourceTree = "<group>"; };
		180CCB5120ED15810093A35A /* Info.plist */ = {isa = PBXFileReference; lastKnownFileType = text.plist.xml; path = Info.plist; sourceTree = "<group>"; };
		180CCB5620ED15810093A35A /* NewsFeedTests.xctest */ = {isa = PBXFileReference; explicitFileType = wrapper.cfbundle; includeInIndex = 0; path = NewsFeedTests.xctest; sourceTree = BUILT_PRODUCTS_DIR; };
		180CCB5A20ED15810093A35A /* NewsFeedTests.swift */ = {isa = PBXFileReference; lastKnownFileType = sourcecode.swift; path = NewsFeedTests.swift; sourceTree = "<group>"; };
		180CCB5C20ED15810093A35A /* Info.plist */ = {isa = PBXFileReference; lastKnownFileType = text.plist.xml; path = Info.plist; sourceTree = "<group>"; };
		180CCB6120ED15810093A35A /* NewsFeedUITests.xctest */ = {isa = PBXFileReference; explicitFileType = wrapper.cfbundle; includeInIndex = 0; path = NewsFeedUITests.xctest; sourceTree = BUILT_PRODUCTS_DIR; };
		180CCB6520ED15810093A35A /* NewsFeedUITests.swift */ = {isa = PBXFileReference; lastKnownFileType = sourcecode.swift; path = NewsFeedUITests.swift; sourceTree = "<group>"; };
		180CCB6720ED15810093A35A /* Info.plist */ = {isa = PBXFileReference; lastKnownFileType = text.plist.xml; path = Info.plist; sourceTree = "<group>"; };
		180CCB7A20ED1D6C0093A35A /* NewsFeedSourceVM.swift */ = {isa = PBXFileReference; lastKnownFileType = sourcecode.swift; path = NewsFeedSourceVM.swift; sourceTree = "<group>"; };
		180CCB7E20ED21ED0093A35A /* Helper.swift */ = {isa = PBXFileReference; lastKnownFileType = sourcecode.swift; path = Helper.swift; sourceTree = "<group>"; };
		18BB4E4A20EDA95C002F18E5 /* NewsFeedSourceVC.swift */ = {isa = PBXFileReference; lastKnownFileType = sourcecode.swift; path = NewsFeedSourceVC.swift; sourceTree = "<group>"; };
		18BB4E4C20EDA996002F18E5 /* NewsFeedSourceCell.swift */ = {isa = PBXFileReference; lastKnownFileType = sourcecode.swift; path = NewsFeedSourceCell.swift; sourceTree = "<group>"; };
		18BB4E4E20EDB2D5002F18E5 /* DrawBadgeView.swift */ = {isa = PBXFileReference; lastKnownFileType = sourcecode.swift; path = DrawBadgeView.swift; sourceTree = "<group>"; };
		35E7EE3C20EDE193008D91E0 /* TickView.swift */ = {isa = PBXFileReference; lastKnownFileType = sourcecode.swift; path = TickView.swift; sourceTree = "<group>"; };
/* End PBXFileReference section */

/* Begin PBXFrameworksBuildPhase section */
		180CCB3C20ED157E0093A35A /* Frameworks */ = {
			isa = PBXFrameworksBuildPhase;
			buildActionMask = 2147483647;
			files = (
			);
			runOnlyForDeploymentPostprocessing = 0;
		};
		180CCB5320ED15810093A35A /* Frameworks */ = {
			isa = PBXFrameworksBuildPhase;
			buildActionMask = 2147483647;
			files = (
			);
			runOnlyForDeploymentPostprocessing = 0;
		};
		180CCB5E20ED15810093A35A /* Frameworks */ = {
			isa = PBXFrameworksBuildPhase;
			buildActionMask = 2147483647;
			files = (
			);
			runOnlyForDeploymentPostprocessing = 0;
		};
/* End PBXFrameworksBuildPhase section */

/* Begin PBXGroup section */
		180CCB3620ED157E0093A35A = {
			isa = PBXGroup;
			children = (
				180CCB4120ED157E0093A35A /* NewsFeed */,
				180CCB5920ED15810093A35A /* NewsFeedTests */,
				180CCB6420ED15810093A35A /* NewsFeedUITests */,
				180CCB4020ED157E0093A35A /* Products */,
			);
			sourceTree = "<group>";
		};
		180CCB4020ED157E0093A35A /* Products */ = {
			isa = PBXGroup;
			children = (
				180CCB3F20ED157E0093A35A /* NewsFeed.app */,
				180CCB5620ED15810093A35A /* NewsFeedTests.xctest */,
				180CCB6120ED15810093A35A /* NewsFeedUITests.xctest */,
			);
			name = Products;
			sourceTree = "<group>";
		};
		180CCB4120ED157E0093A35A /* NewsFeed */ = {
			isa = PBXGroup;
			children = (
				180CCB7720ED1C1D0093A35A /* Helper */,
				180CCB7620ED1C040093A35A /* ViewModels */,
				180CCB7520ED1BF10093A35A /* Views */,
				180CCB7420ED1BE80093A35A /* Controllers */,
				180CCB7320ED1BE30093A35A /* API */,
				180CCB4220ED157F0093A35A /* AppDelegate.swift */,
				180CCB4420ED157F0093A35A /* ViewController.swift */,
				180CCB4620ED157F0093A35A /* Main.storyboard */,
				180CCB4C20ED15810093A35A /* Assets.xcassets */,
				180CCB4E20ED15810093A35A /* LaunchScreen.storyboard */,
				180CCB5120ED15810093A35A /* Info.plist */,
				180CCB4920ED157F0093A35A /* NewsFeed.xcdatamodeld */,
			);
			path = NewsFeed;
			sourceTree = "<group>";
		};
		180CCB5920ED15810093A35A /* NewsFeedTests */ = {
			isa = PBXGroup;
			children = (
				180CCB5A20ED15810093A35A /* NewsFeedTests.swift */,
				180CCB5C20ED15810093A35A /* Info.plist */,
			);
			path = NewsFeedTests;
			sourceTree = "<group>";
		};
		180CCB6420ED15810093A35A /* NewsFeedUITests */ = {
			isa = PBXGroup;
			children = (
				180CCB6520ED15810093A35A /* NewsFeedUITests.swift */,
				180CCB6720ED15810093A35A /* Info.plist */,
			);
			path = NewsFeedUITests;
			sourceTree = "<group>";
		};
		180CCB7320ED1BE30093A35A /* API */ = {
			isa = PBXGroup;
			children = (
			);
			path = API;
			sourceTree = "<group>";
		};
		180CCB7420ED1BE80093A35A /* Controllers */ = {
			isa = PBXGroup;
			children = (
				18BB4E4A20EDA95C002F18E5 /* NewsFeedSourceVC.swift */,
			);
			path = Controllers;
			sourceTree = "<group>";
		};
		180CCB7520ED1BF10093A35A /* Views */ = {
			isa = PBXGroup;
			children = (
				18BB4E4C20EDA996002F18E5 /* NewsFeedSourceCell.swift */,
				18BB4E4E20EDB2D5002F18E5 /* DrawBadgeView.swift */,
				35E7EE3C20EDE193008D91E0 /* TickView.swift */,
			);
			path = Views;
			sourceTree = "<group>";
		};
		180CCB7620ED1C040093A35A /* ViewModels */ = {
			isa = PBXGroup;
			children = (
				180CCB7A20ED1D6C0093A35A /* NewsFeedSourceVM.swift */,
			);
			path = ViewModels;
			sourceTree = "<group>";
		};
		180CCB7720ED1C1D0093A35A /* Helper */ = {
			isa = PBXGroup;
			children = (
				180CCB7E20ED21ED0093A35A /* Helper.swift */,
			);
			path = Helper;
			sourceTree = "<group>";
		};
/* End PBXGroup section */

/* Begin PBXNativeTarget section */
		180CCB3E20ED157E0093A35A /* NewsFeed */ = {
			isa = PBXNativeTarget;
			buildConfigurationList = 180CCB6A20ED15810093A35A /* Build configuration list for PBXNativeTarget "NewsFeed" */;
			buildPhases = (
				180CCB3B20ED157E0093A35A /* Sources */,
				180CCB3C20ED157E0093A35A /* Frameworks */,
				180CCB3D20ED157E0093A35A /* Resources */,
			);
			buildRules = (
			);
			dependencies = (
			);
			name = NewsFeed;
			productName = NewsFeed;
			productReference = 180CCB3F20ED157E0093A35A /* NewsFeed.app */;
			productType = "com.apple.product-type.application";
		};
		180CCB5520ED15810093A35A /* NewsFeedTests */ = {
			isa = PBXNativeTarget;
			buildConfigurationList = 180CCB6D20ED15810093A35A /* Build configuration list for PBXNativeTarget "NewsFeedTests" */;
			buildPhases = (
				180CCB5220ED15810093A35A /* Sources */,
				180CCB5320ED15810093A35A /* Frameworks */,
				180CCB5420ED15810093A35A /* Resources */,
			);
			buildRules = (
			);
			dependencies = (
				180CCB5820ED15810093A35A /* PBXTargetDependency */,
			);
			name = NewsFeedTests;
			productName = NewsFeedTests;
			productReference = 180CCB5620ED15810093A35A /* NewsFeedTests.xctest */;
			productType = "com.apple.product-type.bundle.unit-test";
		};
		180CCB6020ED15810093A35A /* NewsFeedUITests */ = {
			isa = PBXNativeTarget;
			buildConfigurationList = 180CCB7020ED15810093A35A /* Build configuration list for PBXNativeTarget "NewsFeedUITests" */;
			buildPhases = (
				180CCB5D20ED15810093A35A /* Sources */,
				180CCB5E20ED15810093A35A /* Frameworks */,
				180CCB5F20ED15810093A35A /* Resources */,
			);
			buildRules = (
			);
			dependencies = (
				180CCB6320ED15810093A35A /* PBXTargetDependency */,
			);
			name = NewsFeedUITests;
			productName = NewsFeedUITests;
			productReference = 180CCB6120ED15810093A35A /* NewsFeedUITests.xctest */;
			productType = "com.apple.product-type.bundle.ui-testing";
		};
/* End PBXNativeTarget section */

/* Begin PBXProject section */
		180CCB3720ED157E0093A35A /* Project object */ = {
			isa = PBXProject;
			attributes = {
				LastSwiftUpdateCheck = 0930;
				LastUpgradeCheck = 0930;
				ORGANIZATIONNAME = Raja;
				TargetAttributes = {
					180CCB3E20ED157E0093A35A = {
						CreatedOnToolsVersion = 9.3;
					};
					180CCB5520ED15810093A35A = {
						CreatedOnToolsVersion = 9.3;
						TestTargetID = 180CCB3E20ED157E0093A35A;
					};
					180CCB6020ED15810093A35A = {
						CreatedOnToolsVersion = 9.3;
						TestTargetID = 180CCB3E20ED157E0093A35A;
					};
				};
			};
			buildConfigurationList = 180CCB3A20ED157E0093A35A /* Build configuration list for PBXProject "NewsFeed" */;
			compatibilityVersion = "Xcode 9.3";
			developmentRegion = en;
			hasScannedForEncodings = 0;
			knownRegions = (
				en,
				Base,
			);
			mainGroup = 180CCB3620ED157E0093A35A;
			productRefGroup = 180CCB4020ED157E0093A35A /* Products */;
			projectDirPath = "";
			projectRoot = "";
			targets = (
				180CCB3E20ED157E0093A35A /* NewsFeed */,
				180CCB5520ED15810093A35A /* NewsFeedTests */,
				180CCB6020ED15810093A35A /* NewsFeedUITests */,
			);
		};
/* End PBXProject section */

/* Begin PBXResourcesBuildPhase section */
		180CCB3D20ED157E0093A35A /* Resources */ = {
			isa = PBXResourcesBuildPhase;
			buildActionMask = 2147483647;
			files = (
				180CCB5020ED15810093A35A /* LaunchScreen.storyboard in Resources */,
				180CCB4D20ED15810093A35A /* Assets.xcassets in Resources */,
				180CCB4820ED157F0093A35A /* Main.storyboard in Resources */,
			);
			runOnlyForDeploymentPostprocessing = 0;
		};
		180CCB5420ED15810093A35A /* Resources */ = {
			isa = PBXResourcesBuildPhase;
			buildActionMask = 2147483647;
			files = (
			);
			runOnlyForDeploymentPostprocessing = 0;
		};
		180CCB5F20ED15810093A35A /* Resources */ = {
			isa = PBXResourcesBuildPhase;
			buildActionMask = 2147483647;
			files = (
			);
			runOnlyForDeploymentPostprocessing = 0;
		};
/* End PBXResourcesBuildPhase section */

/* Begin PBXSourcesBuildPhase section */
		180CCB3B20ED157E0093A35A /* Sources */ = {
			isa = PBXSourcesBuildPhase;
			buildActionMask = 2147483647;
			files = (
				180CCB4520ED157F0093A35A /* ViewController.swift in Sources */,
				180CCB7F20ED21ED0093A35A /* Helper.swift in Sources */,
				18BB4E4F20EDB2D5002F18E5 /* DrawBadgeView.swift in Sources */,
				180CCB7B20ED1D6C0093A35A /* NewsFeedSourceVM.swift in Sources */,
				180CCB4B20ED157F0093A35A /* NewsFeed.xcdatamodeld in Sources */,
				35E7EE3D20EDE193008D91E0 /* TickView.swift in Sources */,
				18BB4E4B20EDA95C002F18E5 /* NewsFeedSourceVC.swift in Sources */,
				18BB4E4D20EDA996002F18E5 /* NewsFeedSourceCell.swift in Sources */,
				180CCB4320ED157F0093A35A /* AppDelegate.swift in Sources */,
			);
			runOnlyForDeploymentPostprocessing = 0;
		};
		180CCB5220ED15810093A35A /* Sources */ = {
			isa = PBXSourcesBuildPhase;
			buildActionMask = 2147483647;
			files = (
				180CCB5B20ED15810093A35A /* NewsFeedTests.swift in Sources */,
			);
			runOnlyForDeploymentPostprocessing = 0;
		};
		180CCB5D20ED15810093A35A /* Sources */ = {
			isa = PBXSourcesBuildPhase;
			buildActionMask = 2147483647;
			files = (
				180CCB6620ED15810093A35A /* NewsFeedUITests.swift in Sources */,
			);
			runOnlyForDeploymentPostprocessing = 0;
		};
/* End PBXSourcesBuildPhase section */

/* Begin PBXTargetDependency section */
		180CCB5820ED15810093A35A /* PBXTargetDependency */ = {
			isa = PBXTargetDependency;
			target = 180CCB3E20ED157E0093A35A /* NewsFeed */;
			targetProxy = 180CCB5720ED15810093A35A /* PBXContainerItemProxy */;
		};
		180CCB6320ED15810093A35A /* PBXTargetDependency */ = {
			isa = PBXTargetDependency;
			target = 180CCB3E20ED157E0093A35A /* NewsFeed */;
			targetProxy = 180CCB6220ED15810093A35A /* PBXContainerItemProxy */;
		};
/* End PBXTargetDependency section */

/* Begin PBXVariantGroup section */
		180CCB4620ED157F0093A35A /* Main.storyboard */ = {
			isa = PBXVariantGroup;
			children = (
				180CCB4720ED157F0093A35A /* Base */,
			);
			name = Main.storyboard;
			sourceTree = "<group>";
		};
		180CCB4E20ED15810093A35A /* LaunchScreen.storyboard */ = {
			isa = PBXVariantGroup;
			children = (
				180CCB4F20ED15810093A35A /* Base */,
			);
			name = LaunchScreen.storyboard;
			sourceTree = "<group>";
		};
/* End PBXVariantGroup section */

/* Begin XCBuildConfiguration section */
		180CCB6820ED15810093A35A /* Debug */ = {
			isa = XCBuildConfiguration;
			buildSettings = {
				ALWAYS_SEARCH_USER_PATHS = NO;
				CLANG_ANALYZER_NONNULL = YES;
				CLANG_ANALYZER_NUMBER_OBJECT_CONVERSION = YES_AGGRESSIVE;
				CLANG_CXX_LANGUAGE_STANDARD = "gnu++14";
				CLANG_CXX_LIBRARY = "libc++";
				CLANG_ENABLE_MODULES = YES;
				CLANG_ENABLE_OBJC_ARC = YES;
				CLANG_ENABLE_OBJC_WEAK = YES;
				CLANG_WARN_BLOCK_CAPTURE_AUTORELEASING = YES;
				CLANG_WARN_BOOL_CONVERSION = YES;
				CLANG_WARN_COMMA = YES;
				CLANG_WARN_CONSTANT_CONVERSION = YES;
				CLANG_WARN_DEPRECATED_OBJC_IMPLEMENTATIONS = YES;
				CLANG_WARN_DIRECT_OBJC_ISA_USAGE = YES_ERROR;
				CLANG_WARN_DOCUMENTATION_COMMENTS = YES;
				CLANG_WARN_EMPTY_BODY = YES;
				CLANG_WARN_ENUM_CONVERSION = YES;
				CLANG_WARN_INFINITE_RECURSION = YES;
				CLANG_WARN_INT_CONVERSION = YES;
				CLANG_WARN_NON_LITERAL_NULL_CONVERSION = YES;
				CLANG_WARN_OBJC_IMPLICIT_RETAIN_SELF = YES;
				CLANG_WARN_OBJC_LITERAL_CONVERSION = YES;
				CLANG_WARN_OBJC_ROOT_CLASS = YES_ERROR;
				CLANG_WARN_RANGE_LOOP_ANALYSIS = YES;
				CLANG_WARN_STRICT_PROTOTYPES = YES;
				CLANG_WARN_SUSPICIOUS_MOVE = YES;
				CLANG_WARN_UNGUARDED_AVAILABILITY = YES_AGGRESSIVE;
				CLANG_WARN_UNREACHABLE_CODE = YES;
				CLANG_WARN__DUPLICATE_METHOD_MATCH = YES;
				CODE_SIGN_IDENTITY = "iPhone Developer";
				COPY_PHASE_STRIP = NO;
				DEBUG_INFORMATION_FORMAT = dwarf;
				ENABLE_STRICT_OBJC_MSGSEND = YES;
				ENABLE_TESTABILITY = YES;
				GCC_C_LANGUAGE_STANDARD = gnu11;
				GCC_DYNAMIC_NO_PIC = NO;
				GCC_NO_COMMON_BLOCKS = YES;
				GCC_OPTIMIZATION_LEVEL = 0;
				GCC_PREPROCESSOR_DEFINITIONS = (
					"DEBUG=1",
					"$(inherited)",
				);
				GCC_WARN_64_TO_32_BIT_CONVERSION = YES;
				GCC_WARN_ABOUT_RETURN_TYPE = YES_ERROR;
				GCC_WARN_UNDECLARED_SELECTOR = YES;
				GCC_WARN_UNINITIALIZED_AUTOS = YES_AGGRESSIVE;
				GCC_WARN_UNUSED_FUNCTION = YES;
				GCC_WARN_UNUSED_VARIABLE = YES;
				IPHONEOS_DEPLOYMENT_TARGET = 11.3;
				MTL_ENABLE_DEBUG_INFO = YES;
				ONLY_ACTIVE_ARCH = YES;
				SDKROOT = iphoneos;
				SWIFT_ACTIVE_COMPILATION_CONDITIONS = DEBUG;
				SWIFT_OPTIMIZATION_LEVEL = "-Onone";
			};
			name = Debug;
		};
		180CCB6920ED15810093A35A /* Release */ = {
			isa = XCBuildConfiguration;
			buildSettings = {
				ALWAYS_SEARCH_USER_PATHS = NO;
				CLANG_ANALYZER_NONNULL = YES;
				CLANG_ANALYZER_NUMBER_OBJECT_CONVERSION = YES_AGGRESSIVE;
				CLANG_CXX_LANGUAGE_STANDARD = "gnu++14";
				CLANG_CXX_LIBRARY = "libc++";
				CLANG_ENABLE_MODULES = YES;
				CLANG_ENABLE_OBJC_ARC = YES;
				CLANG_ENABLE_OBJC_WEAK = YES;
				CLANG_WARN_BLOCK_CAPTURE_AUTORELEASING = YES;
				CLANG_WARN_BOOL_CONVERSION = YES;
				CLANG_WARN_COMMA = YES;
				CLANG_WARN_CONSTANT_CONVERSION = YES;
				CLANG_WARN_DEPRECATED_OBJC_IMPLEMENTATIONS = YES;
				CLANG_WARN_DIRECT_OBJC_ISA_USAGE = YES_ERROR;
				CLANG_WARN_DOCUMENTATION_COMMENTS = YES;
				CLANG_WARN_EMPTY_BODY = YES;
				CLANG_WARN_ENUM_CONVERSION = YES;
				CLANG_WARN_INFINITE_RECURSION = YES;
				CLANG_WARN_INT_CONVERSION = YES;
				CLANG_WARN_NON_LITERAL_NULL_CONVERSION = YES;
				CLANG_WARN_OBJC_IMPLICIT_RETAIN_SELF = YES;
				CLANG_WARN_OBJC_LITERAL_CONVERSION = YES;
				CLANG_WARN_OBJC_ROOT_CLASS = YES_ERROR;
				CLANG_WARN_RANGE_LOOP_ANALYSIS = YES;
				CLANG_WARN_STRICT_PROTOTYPES = YES;
				CLANG_WARN_SUSPICIOUS_MOVE = YES;
				CLANG_WARN_UNGUARDED_AVAILABILITY = YES_AGGRESSIVE;
				CLANG_WARN_UNREACHABLE_CODE = YES;
				CLANG_WARN__DUPLICATE_METHOD_MATCH = YES;
				CODE_SIGN_IDENTITY = "iPhone Developer";
				COPY_PHASE_STRIP = NO;
				DEBUG_INFORMATION_FORMAT = "dwarf-with-dsym";
				ENABLE_NS_ASSERTIONS = NO;
				ENABLE_STRICT_OBJC_MSGSEND = YES;
				GCC_C_LANGUAGE_STANDARD = gnu11;
				GCC_NO_COMMON_BLOCKS = YES;
				GCC_WARN_64_TO_32_BIT_CONVERSION = YES;
				GCC_WARN_ABOUT_RETURN_TYPE = YES_ERROR;
				GCC_WARN_UNDECLARED_SELECTOR = YES;
				GCC_WARN_UNINITIALIZED_AUTOS = YES_AGGRESSIVE;
				GCC_WARN_UNUSED_FUNCTION = YES;
				GCC_WARN_UNUSED_VARIABLE = YES;
				IPHONEOS_DEPLOYMENT_TARGET = 11.3;
				MTL_ENABLE_DEBUG_INFO = NO;
				SDKROOT = iphoneos;
				SWIFT_COMPILATION_MODE = wholemodule;
				SWIFT_OPTIMIZATION_LEVEL = "-O";
				VALIDATE_PRODUCT = YES;
			};
			name = Release;
		};
		180CCB6B20ED15810093A35A /* Debug */ = {
			isa = XCBuildConfiguration;
			buildSettings = {
				ASSETCATALOG_COMPILER_APPICON_NAME = AppIcon;
				CODE_SIGN_STYLE = Automatic;
				INFOPLIST_FILE = NewsFeed/Info.plist;
				LD_RUNPATH_SEARCH_PATHS = (
					"$(inherited)",
					"@executable_path/Frameworks",
				);
				PRODUCT_BUNDLE_IDENTIFIER = com.raja.NewsFeed;
				PRODUCT_NAME = "$(TARGET_NAME)";
				SWIFT_VERSION = 4.0;
				TARGETED_DEVICE_FAMILY = "1,2";
			};
			name = Debug;
		};
		180CCB6C20ED15810093A35A /* Release */ = {
			isa = XCBuildConfiguration;
			buildSettings = {
				ASSETCATALOG_COMPILER_APPICON_NAME = AppIcon;
				CODE_SIGN_STYLE = Automatic;
				INFOPLIST_FILE = NewsFeed/Info.plist;
				LD_RUNPATH_SEARCH_PATHS = (
					"$(inherited)",
					"@executable_path/Frameworks",
				);
				PRODUCT_BUNDLE_IDENTIFIER = com.raja.NewsFeed;
				PRODUCT_NAME = "$(TARGET_NAME)";
				SWIFT_VERSION = 4.0;
				TARGETED_DEVICE_FAMILY = "1,2";
			};
			name = Release;
		};
		180CCB6E20ED15810093A35A /* Debug */ = {
			isa = XCBuildConfiguration;
			buildSettings = {
				ALWAYS_EMBED_SWIFT_STANDARD_LIBRARIES = YES;
				BUNDLE_LOADER = "$(TEST_HOST)";
				CODE_SIGN_STYLE = Automatic;
				INFOPLIST_FILE = NewsFeedTests/Info.plist;
				LD_RUNPATH_SEARCH_PATHS = (
					"$(inherited)",
					"@executable_path/Frameworks",
					"@loader_path/Frameworks",
				);
				PRODUCT_BUNDLE_IDENTIFIER = com.raja.NewsFeedTests;
				PRODUCT_NAME = "$(TARGET_NAME)";
				SWIFT_VERSION = 4.0;
				TARGETED_DEVICE_FAMILY = "1,2";
				TEST_HOST = "$(BUILT_PRODUCTS_DIR)/NewsFeed.app/NewsFeed";
			};
			name = Debug;
		};
		180CCB6F20ED15810093A35A /* Release */ = {
			isa = XCBuildConfiguration;
			buildSettings = {
				ALWAYS_EMBED_SWIFT_STANDARD_LIBRARIES = YES;
				BUNDLE_LOADER = "$(TEST_HOST)";
				CODE_SIGN_STYLE = Automatic;
				INFOPLIST_FILE = NewsFeedTests/Info.plist;
				LD_RUNPATH_SEARCH_PATHS = (
					"$(inherited)",
					"@executable_path/Frameworks",
					"@loader_path/Frameworks",
				);
				PRODUCT_BUNDLE_IDENTIFIER = com.raja.NewsFeedTests;
				PRODUCT_NAME = "$(TARGET_NAME)";
				SWIFT_VERSION = 4.0;
				TARGETED_DEVICE_FAMILY = "1,2";
				TEST_HOST = "$(BUILT_PRODUCTS_DIR)/NewsFeed.app/NewsFeed";
			};
			name = Release;
		};
		180CCB7120ED15810093A35A /* Debug */ = {
			isa = XCBuildConfiguration;
			buildSettings = {
				ALWAYS_EMBED_SWIFT_STANDARD_LIBRARIES = YES;
				CODE_SIGN_STYLE = Automatic;
				INFOPLIST_FILE = NewsFeedUITests/Info.plist;
				LD_RUNPATH_SEARCH_PATHS = (
					"$(inherited)",
					"@executable_path/Frameworks",
					"@loader_path/Frameworks",
				);
				PRODUCT_BUNDLE_IDENTIFIER = com.raja.NewsFeedUITests;
				PRODUCT_NAME = "$(TARGET_NAME)";
				SWIFT_VERSION = 4.0;
				TARGETED_DEVICE_FAMILY = "1,2";
				TEST_TARGET_NAME = NewsFeed;
			};
			name = Debug;
		};
		180CCB7220ED15810093A35A /* Release */ = {
			isa = XCBuildConfiguration;
			buildSettings = {
				ALWAYS_EMBED_SWIFT_STANDARD_LIBRARIES = YES;
				CODE_SIGN_STYLE = Automatic;
				INFOPLIST_FILE = NewsFeedUITests/Info.plist;
				LD_RUNPATH_SEARCH_PATHS = (
					"$(inherited)",
					"@executable_path/Frameworks",
					"@loader_path/Frameworks",
				);
				PRODUCT_BUNDLE_IDENTIFIER = com.raja.NewsFeedUITests;
				PRODUCT_NAME = "$(TARGET_NAME)";
				SWIFT_VERSION = 4.0;
				TARGETED_DEVICE_FAMILY = "1,2";
				TEST_TARGET_NAME = NewsFeed;
			};
			name = Release;
		};
/* End XCBuildConfiguration section */

/* Begin XCConfigurationList section */
		180CCB3A20ED157E0093A35A /* Build configuration list for PBXProject "NewsFeed" */ = {
			isa = XCConfigurationList;
			buildConfigurations = (
				180CCB6820ED15810093A35A /* Debug */,
				180CCB6920ED15810093A35A /* Release */,
			);
			defaultConfigurationIsVisible = 0;
			defaultConfigurationName = Release;
		};
		180CCB6A20ED15810093A35A /* Build configuration list for PBXNativeTarget "NewsFeed" */ = {
			isa = XCConfigurationList;
			buildConfigurations = (
				180CCB6B20ED15810093A35A /* Debug */,
				180CCB6C20ED15810093A35A /* Release */,
			);
			defaultConfigurationIsVisible = 0;
			defaultConfigurationName = Release;
		};
		180CCB6D20ED15810093A35A /* Build configuration list for PBXNativeTarget "NewsFeedTests" */ = {
			isa = XCConfigurationList;
			buildConfigurations = (
				180CCB6E20ED15810093A35A /* Debug */,
				180CCB6F20ED15810093A35A /* Release */,
			);
			defaultConfigurationIsVisible = 0;
			defaultConfigurationName = Release;
		};
		180CCB7020ED15810093A35A /* Build configuration list for PBXNativeTarget "NewsFeedUITests" */ = {
			isa = XCConfigurationList;
			buildConfigurations = (
				180CCB7120ED15810093A35A /* Debug */,
				180CCB7220ED15810093A35A /* Release */,
			);
			defaultConfigurationIsVisible = 0;
			defaultConfigurationName = Release;
		};
/* End XCConfigurationList section */

/* Begin XCVersionGroup section */
		180CCB4920ED157F0093A35A /* NewsFeed.xcdatamodeld */ = {
			isa = XCVersionGroup;
			children = (
				180CCB4A20ED157F0093A35A /* NewsFeed.xcdatamodel */,
			);
			currentVersion = 180CCB4A20ED157F0093A35A /* NewsFeed.xcdatamodel */;
			path = NewsFeed.xcdatamodeld;
			sourceTree = "<group>";
			versionGroupType = wrapper.xcdatamodel;
		};
/* End XCVersionGroup section */
	};
	rootObject = 180CCB3720ED157E0093A35A /* Project object */;
}
